
Microsoft Visual Studio Solution File, Format Version 12.00
# Visual Studio Version 17
VisualStudioVersion = 17.10.35013.160
MinimumVisualStudioVersion = 10.0.40219.1
Project("{FAE04EC0-301F-11D3-BF4B-00C04F79EFBC}") = "POSproject", "POSproject\POSproject.csproj", "{AC7E91C5-49F0-4304-A4A7-B3E8C7AD5686}"
EndProject
Global
	GlobalSection(SolutionConfigurationPlatforms) = preSolution
		Debug|Any CPU = Debug|Any CPU
		Release|Any CPU = Release|Any CPU
	EndGlobalSection
	GlobalSection(ProjectConfigurationPlatforms) = postSolution
		{AC7E91C5-49F0-4304-A4A7-B3E8C7AD5686}.Debug|Any CPU.ActiveCfg = Debug|Any CPU
		{AC7E91C5-49F0-4304-A4A7-B3E8C7AD5686}.Debug|Any CPU.Build.0 = Debug|Any CPU
		{AC7E91C5-49F0-4304-A4A7-B3E8C7AD5686}.Release|Any CPU.ActiveCfg = Release|Any CPU
		{AC7E91C5-49F0-4304-A4A7-B3E8C7AD5686}.Release|Any CPU.Build.0 = Release|Any CPU
	EndGlobalSection
	GlobalSection(SolutionProperties) = preSolution
		HideSolutionNode = FALSE
	EndGlobalSection
	GlobalSection(ExtensibilityGlobals) = postSolution
		SolutionGuid = {636A035B-4C52-4997-AEAE-EAEFB7929655}
	EndGlobalSection
EndGlobal
